
Microsoft Visual Studio Solution File, Format Version 12.00
# Visual Studio Version 17
VisualStudioVersion = 17.4.33103.184
MinimumVisualStudioVersion = 10.0.40219.1
Project("{9A19103F-16F7-4668-BE54-9A1E7A4F7556}") = "BackOfficeApi", "BackOfficeApi\BackOfficeApi.csproj", "{D634255E-68B9-4008-8F3D-F0332A3C2294}"
EndProject
Project("{9A19103F-16F7-4668-BE54-9A1E7A4F7556}") = "BackOfficeApi.Data", "BackOfficeApi.Data\BackOfficeApi.Data.csproj", "{653BB1CE-B1CA-490E-914D-3A1755648AE3}"
EndProject
Project("{9A19103F-16F7-4668-BE54-9A1E7A4F7556}") = "BackOfficeApi.Model", "BackOfficeApi.Models\BackOfficeApi.Model.csproj", "{D20AA59C-0FA0-4F4F-9E82-275217C2BD38}"
EndProject
Project("{9A19103F-16F7-4668-BE54-9A1E7A4F7556}") = "BackOfficeApi.Service", "BackOfficeApi.Service\BackOfficeApi.Service.csproj", "{F821E643-FBC2-44DB-B81B-B84BF5AF1E83}"
EndProject
Global
	GlobalSection(SolutionConfigurationPlatforms) = preSolution
		Debug|Any CPU = Debug|Any CPU
		Release|Any CPU = Release|Any CPU
	EndGlobalSection
	GlobalSection(ProjectConfigurationPlatforms) = postSolution
		{D634255E-68B9-4008-8F3D-F0332A3C2294}.Debug|Any CPU.ActiveCfg = Debug|Any CPU
		{D634255E-68B9-4008-8F3D-F0332A3C2294}.Debug|Any CPU.Build.0 = Debug|Any CPU
		{D634255E-68B9-4008-8F3D-F0332A3C2294}.Release|Any CPU.ActiveCfg = Release|Any CPU
		{D634255E-68B9-4008-8F3D-F0332A3C2294}.Release|Any CPU.Build.0 = Release|Any CPU
		{653BB1CE-B1CA-490E-914D-3A1755648AE3}.Debug|Any CPU.ActiveCfg = Debug|Any CPU
		{653BB1CE-B1CA-490E-914D-3A1755648AE3}.Debug|Any CPU.Build.0 = Debug|Any CPU
		{653BB1CE-B1CA-490E-914D-3A1755648AE3}.Release|Any CPU.ActiveCfg = Release|Any CPU
		{653BB1CE-B1CA-490E-914D-3A1755648AE3}.Release|Any CPU.Build.0 = Release|Any CPU
		{D20AA59C-0FA0-4F4F-9E82-275217C2BD38}.Debug|Any CPU.ActiveCfg = Debug|Any CPU
		{D20AA59C-0FA0-4F4F-9E82-275217C2BD38}.Debug|Any CPU.Build.0 = Debug|Any CPU
		{D20AA59C-0FA0-4F4F-9E82-275217C2BD38}.Release|Any CPU.ActiveCfg = Release|Any CPU
		{D20AA59C-0FA0-4F4F-9E82-275217C2BD38}.Release|Any CPU.Build.0 = Release|Any CPU
		{F821E643-FBC2-44DB-B81B-B84BF5AF1E83}.Debug|Any CPU.ActiveCfg = Debug|Any CPU
		{F821E643-FBC2-44DB-B81B-B84BF5AF1E83}.Debug|Any CPU.Build.0 = Debug|Any CPU
		{F821E643-FBC2-44DB-B81B-B84BF5AF1E83}.Release|Any CPU.ActiveCfg = Release|Any CPU
		{F821E643-FBC2-44DB-B81B-B84BF5AF1E83}.Release|Any CPU.Build.0 = Release|Any CPU
	EndGlobalSection
	GlobalSection(SolutionProperties) = preSolution
		HideSolutionNode = FALSE
	EndGlobalSection
	GlobalSection(ExtensibilityGlobals) = postSolution
		SolutionGuid = {2962F5EE-A81D-4450-8CCD-CE7DBDB56B38}
	EndGlobalSection
EndGlobal
